
Microsoft Visual Studio Solution File, Format Version 12.00
# Visual Studio Version 17
VisualStudioVersion = 17.14.37531.7 d17.14
MinimumVisualStudioVersion = 10.0.40219.1
Project("{FAE04EC0-301F-11D3-BF4B-00C04F79EFBC}") = "ScanTest", "ScanTest.csproj", "{ADFF2D71-9CA5-5FE6-142E-F49368143890}"
EndProject
Global
	GlobalSection(SolutionConfigurationPlatforms) = preSolution
		Debug|Any CPU = Debug|Any CPU
		Release|Any CPU = Release|Any CPU
	EndGlobalSection
	GlobalSection(ProjectConfigurationPlatforms) = postSolution
		{ADFF2D71-9CA5-5FE6-142E-F49368143890}.Debug|Any CPU.ActiveCfg = Debug|Any CPU
		{ADFF2D71-9CA5-5FE6-142E-F49368143890}.Debug|Any CPU.Build.0 = Debug|Any CPU
		{ADFF2D71-9CA5-5FE6-142E-F49368143890}.Release|Any CPU.ActiveCfg = Release|Any CPU
		{ADFF2D71-9CA5-5FE6-142E-F49368143890}.Release|Any CPU.Build.0 = Release|Any CPU
	EndGlobalSection
	GlobalSection(SolutionProperties) = preSolution
		HideSolutionNode = FALSE
	EndGlobalSection
	GlobalSection(ExtensibilityGlobals) = postSolution
		SolutionGuid = {B01FD250-C265-47E7-8CE4-AD192434E2F9}
	EndGlobalSection
EndGlobal
